
Microsoft Visual Studio Solution File, Format Version 12.00
# Visual Studio Version 17
VisualStudioVersion = 17.2.32519.379
MinimumVisualStudioVersion = 10.0.40219.1
Project("{9A19103F-16F7-4668-BE54-9A1E7A4F7556}") = "File_Upload_BlazorServerApp", "File_Upload_BlazorServerApp\File_Upload_BlazorServerApp.csproj", "{A7BB98CA-E0E2-413F-A9F6-3E7060889018}"
EndProject
Global
	GlobalSection(SolutionConfigurationPlatforms) = preSolution
		Debug|Any CPU = Debug|Any CPU
		Release|Any CPU = Release|Any CPU
	EndGlobalSection
	GlobalSection(ProjectConfigurationPlatforms) = postSolution
		{A7BB98CA-E0E2-413F-A9F6-3E7060889018}.Debug|Any CPU.ActiveCfg = Debug|Any CPU
		{A7BB98CA-E0E2-413F-A9F6-3E7060889018}.Debug|Any CPU.Build.0 = Debug|Any CPU
		{A7BB98CA-E0E2-413F-A9F6-3E7060889018}.Release|Any CPU.ActiveCfg = Release|Any CPU
		{A7BB98CA-E0E2-413F-A9F6-3E7060889018}.Release|Any CPU.Build.0 = Release|Any CPU
	EndGlobalSection
	GlobalSection(SolutionProperties) = preSolution
		HideSolutionNode = FALSE
	EndGlobalSection
	GlobalSection(ExtensibilityGlobals) = postSolution
		SolutionGuid = {6A2311E4-6473-457F-99EF-145B20B9268A}
	EndGlobalSection
EndGlobal
